PODS:
  - Flutter (1.0.0)
  - flutter_secure_storage_darwin (10.0.0):
    - Flutter
    - FlutterMacOS
  - telegram_login (1.2.1):
    - Flutter

DEPENDENCIES:
  - Flutter (from `Flutter`)
  - flutter_secure_storage_darwin (from `.symlinks/plugins/flutter_secure_storage_darwin/darwin`)
  - telegram_login (from `.symlinks/plugins/telegram_login/ios`)

EXTERNAL SOURCES:
  Flutter:
    :path: Flutter
  flutter_secure_storage_darwin:
    :path: ".symlinks/plugins/flutter_secure_storage_darwin/darwin"
  telegram_login:
    :path: ".symlinks/plugins/telegram_login/ios"

SPEC CHECKSUMS:
  Flutter: cabc95a1d2626b1b06e7179b784ebcf0c0cde467
  flutter_secure_storage_darwin: 46e401699982ee74142909676535e0f6a7321e58
  telegram_login: d345596cc804b2fec91deb0599d72e6d697b9e5d

PODFILE CHECKSUM: 30d505a55b9838f3cd050f155dedca6853864f4d

COCOAPODS: 1.16.2
